
Microsoft Visual Studio Solution File, Format Version 12.00
# Visual Studio Version 17
VisualStudioVersion = 17.7.34031.279
MinimumVisualStudioVersion = 10.0.40219.1
Project("{9A19103F-16F7-4668-BE54-9A1E7A4F7556}") = "Frontend", "Frontend\Frontend.csproj", "{5B5C968F-9F8F-47AC-B69A-3CFBDE18EB6A}"
EndProject
Project("{9A19103F-16F7-4668-BE54-9A1E7A4F7556}") = "Backend", "Backend\Backend.csproj", "{49DF6C10-2C77-4209-B6EC-95D119671F91}"
EndProject
Global
	GlobalSection(SolutionConfigurationPlatforms) = preSolution
		Debug|Any CPU = Debug|Any CPU
		Release|Any CPU = Release|Any CPU
	EndGlobalSection
	GlobalSection(ProjectConfigurationPlatforms) = postSolution
		{5B5C968F-9F8F-47AC-B69A-3CFBDE18EB6A}.Debug|Any CPU.ActiveCfg = Debug|Any CPU
		{5B5C968F-9F8F-47AC-B69A-3CFBDE18EB6A}.Debug|Any CPU.Build.0 = Debug|Any CPU
		{5B5C968F-9F8F-47AC-B69A-3CFBDE18EB6A}.Release|Any CPU.ActiveCfg = Release|Any CPU
		{5B5C968F-9F8F-47AC-B69A-3CFBDE18EB6A}.Release|Any CPU.Build.0 = Release|Any CPU
		{49DF6C10-2C77-4209-B6EC-95D119671F91}.Debug|Any CPU.ActiveCfg = Debug|Any CPU
		{49DF6C10-2C77-4209-B6EC-95D119671F91}.Debug|Any CPU.Build.0 = Debug|Any CPU
		{49DF6C10-2C77-4209-B6EC-95D119671F91}.Release|Any CPU.ActiveCfg = Release|Any CPU
		{49DF6C10-2C77-4209-B6EC-95D119671F91}.Release|Any CPU.Build.0 = Release|Any CPU
		{5BF3676B-ABEB-4667-B6A8-17E974DD8E14}.Debug|Any CPU.ActiveCfg = Debug|Any CPU
		{5BF3676B-ABEB-4667-B6A8-17E974DD8E14}.Debug|Any CPU.Build.0 = Debug|Any CPU
		{5BF3676B-ABEB-4667-B6A8-17E974DD8E14}.Release|Any CPU.ActiveCfg = Release|Any CPU
		{5BF3676B-ABEB-4667-B6A8-17E974DD8E14}.Release|Any CPU.Build.0 = Release|Any CPU
	EndGlobalSection
	GlobalSection(SolutionProperties) = preSolution
		HideSolutionNode = FALSE
	EndGlobalSection
	GlobalSection(ExtensibilityGlobals) = postSolution
		SolutionGuid = {799D4D8A-9A50-4E9D-81E4-5219856C1029}
	EndGlobalSection
EndGlobal
